
Microsoft Visual Studio Solution File, Format Version 12.00
# Visual Studio Version 16
VisualStudioVersion = 16.0.29424.173
MinimumVisualStudioVersion = 10.0.40219.1
Project("{9A19103F-16F7-4668-BE54-9A1E7A4F7556}") = "Project1.UI", "Project1\Project1.UI.csproj", "{C8C589C5-7815-4850-A86D-E748F36B8C77}"
EndProject
Project("{9A19103F-16F7-4668-BE54-9A1E7A4F7556}") = "Project1.Models", "Project1.Models\Project1.Models.csproj", "{29E97DF2-9120-48EF-B067-31ED8D600B13}"
EndProject
Global
	GlobalSection(SolutionConfigurationPlatforms) = preSolution
		Debug|Any CPU = Debug|Any CPU
		Release|Any CPU = Release|Any CPU
	EndGlobalSection
	GlobalSection(ProjectConfigurationPlatforms) = postSolution
		{C8C589C5-7815-4850-A86D-E748F36B8C77}.Debug|Any CPU.ActiveCfg = Debug|Any CPU
		{C8C589C5-7815-4850-A86D-E748F36B8C77}.Debug|Any CPU.Build.0 = Debug|Any CPU
		{C8C589C5-7815-4850-A86D-E748F36B8C77}.Release|Any CPU.ActiveCfg = Release|Any CPU
		{C8C589C5-7815-4850-A86D-E748F36B8C77}.Release|Any CPU.Build.0 = Release|Any CPU
		{29E97DF2-9120-48EF-B067-31ED8D600B13}.Debug|Any CPU.ActiveCfg = Debug|Any CPU
		{29E97DF2-9120-48EF-B067-31ED8D600B13}.Debug|Any CPU.Build.0 = Debug|Any CPU
		{29E97DF2-9120-48EF-B067-31ED8D600B13}.Release|Any CPU.ActiveCfg = Release|Any CPU
		{29E97DF2-9120-48EF-B067-31ED8D600B13}.Release|Any CPU.Build.0 = Release|Any CPU
	EndGlobalSection
	GlobalSection(SolutionProperties) = preSolution
		HideSolutionNode = FALSE
	EndGlobalSection
	GlobalSection(ExtensibilityGlobals) = postSolution
		SolutionGuid = {013CE5BB-AF63-46C6-A33D-C909E10C2122}
	EndGlobalSection
EndGlobal
